
Microsoft Visual Studio Solution File, Format Version 12.00
# Visual Studio Version 17
VisualStudioVersion = 17.8.34330.188
MinimumVisualStudioVersion = 10.0.40219.1
Project("{FAE04EC0-301F-11D3-BF4B-00C04F79EFBC}") = "le bank", "le bank\le bank.csproj", "{859F512D-6807-4DBE-9478-A548D73D4B9A}"
EndProject
Global
	GlobalSection(SolutionConfigurationPlatforms) = preSolution
		Debug|Any CPU = Debug|Any CPU
		Release|Any CPU = Release|Any CPU
	EndGlobalSection
	GlobalSection(ProjectConfigurationPlatforms) = postSolution
		{859F512D-6807-4DBE-9478-A548D73D4B9A}.Debug|Any CPU.ActiveCfg = Debug|Any CPU
		{859F512D-6807-4DBE-9478-A548D73D4B9A}.Debug|Any CPU.Build.0 = Debug|Any CPU
		{859F512D-6807-4DBE-9478-A548D73D4B9A}.Release|Any CPU.ActiveCfg = Release|Any CPU
		{859F512D-6807-4DBE-9478-A548D73D4B9A}.Release|Any CPU.Build.0 = Release|Any CPU
	EndGlobalSection
	GlobalSection(SolutionProperties) = preSolution
		HideSolutionNode = FALSE
	EndGlobalSection
	GlobalSection(ExtensibilityGlobals) = postSolution
		SolutionGuid = {336AEAC3-D4DC-4E7B-8386-727249BAB1DD}
	EndGlobalSection
EndGlobal
